
Microsoft Visual Studio Solution File, Format Version 11.00
# Visual Studio 2010
Project("{FAE04EC0-301F-11D3-BF4B-00C04F79EFBC}") = "Assembly-CSharp", "Assembly-CSharp.csproj", "{03502daa-4896-f2c5-d2ba-f6f548c5264a}"
EndProject
Project("{FAE04EC0-301F-11D3-BF4B-00C04F79EFBC}") = "Assembly-CSharp-Editor", "Assembly-CSharp-Editor.csproj", "{20da8e1c-ff82-f30b-fe71-289b4e10d8e8}"
EndProject
Global
	GlobalSection(SolutionConfigurationPlatforms) = preSolution
		Debug|Any CPU = Debug|Any CPU
	EndGlobalSection
	GlobalSection(ProjectConfigurationPlatforms) = postSolution
		{03502daa-4896-f2c5-d2ba-f6f548c5264a}.Debug|Any CPU.ActiveCfg = Debug|Any CPU
		{03502daa-4896-f2c5-d2ba-f6f548c5264a}.Debug|Any CPU.Build.0 = Debug|Any CPU
		{20da8e1c-ff82-f30b-fe71-289b4e10d8e8}.Debug|Any CPU.ActiveCfg = Debug|Any CPU
		{20da8e1c-ff82-f30b-fe71-289b4e10d8e8}.Debug|Any CPU.Build.0 = Debug|Any CPU
	EndGlobalSection
	GlobalSection(SolutionProperties) = preSolution
		HideSolutionNode = FALSE
	EndGlobalSection
EndGlobal
